
Microsoft Visual Studio Solution File, Format Version 12.00
# Visual Studio 14
VisualStudioVersion = 14.0.23107.0
MinimumVisualStudioVersion = 10.0.40219.1
Project("{F184B08F-C81C-45F6-A57F-5ABD9991F28F}") = "MocaSnippet", "MocaSnippet\MocaSnippet.vbproj", "{8174AC86-56DC-4592-ACDB-B9200602BF8C}"
EndProject
Project("{2150E333-8FDC-42A3-9474-1A3956D46DE8}") = ".nuget", ".nuget", "{B070AEFE-9586-4F8D-840B-98CE628251BA}"
	ProjectSection(SolutionItems) = preProject
		.nuget\NuGet.Config = .nuget\NuGet.Config
		.nuget\NuGet.exe = .nuget\NuGet.exe
		.nuget\NuGet.targets = .nuget\NuGet.targets
	EndProjectSection
EndProject
Project("{2150E333-8FDC-42A3-9474-1A3956D46DE8}") = "Solution Items", "Solution Items", "{5D88448A-1726-45DC-BFAA-33C3BC0473B1}"
	ProjectSection(SolutionItems) = preProject
		LICENSE.md = LICENSE.md
		README.md = README.md
	EndProjectSection
EndProject
Global
	GlobalSection(SolutionConfigurationPlatforms) = preSolution
		Debug|Any CPU = Debug|Any CPU
		Release|Any CPU = Release|Any CPU
	EndGlobalSection
	GlobalSection(ProjectConfigurationPlatforms) = postSolution
		{8174AC86-56DC-4592-ACDB-B9200602BF8C}.Debug|Any CPU.ActiveCfg = Debug|Any CPU
		{8174AC86-56DC-4592-ACDB-B9200602BF8C}.Debug|Any CPU.Build.0 = Debug|Any CPU
		{8174AC86-56DC-4592-ACDB-B9200602BF8C}.Release|Any CPU.ActiveCfg = Release|Any CPU
		{8174AC86-56DC-4592-ACDB-B9200602BF8C}.Release|Any CPU.Build.0 = Release|Any CPU
	EndGlobalSection
	GlobalSection(SolutionProperties) = preSolution
		HideSolutionNode = FALSE
	EndGlobalSection
EndGlobal
